
Microsoft Visual Studio Solution File, Format Version 12.00
# Visual Studio Version 16
VisualStudioVersion = 16.0.31205.134
MinimumVisualStudioVersion = 10.0.40219.1
Project("{8BC9CEB8-8B4A-11D0-8D11-00A0C91BC942}") = "AtmosphericScatteringTesting", "AtmosphericScatteringTesting\AtmosphericScatteringTesting.vcxproj", "{B7753543-D99E-4C19-84D4-7CAF15D577DA}"
EndProject
Global
	GlobalSection(SolutionConfigurationPlatforms) = preSolution
		Debug|x64 = Debug|x64
		Debug|x86 = Debug|x86
		Release|x64 = Release|x64
		Release|x86 = Release|x86
	EndGlobalSection
	GlobalSection(ProjectConfigurationPlatforms) = postSolution
		{B7753543-D99E-4C19-84D4-7CAF15D577DA}.Debug|x64.ActiveCfg = Debug|x64
		{B7753543-D99E-4C19-84D4-7CAF15D577DA}.Debug|x64.Build.0 = Debug|x64
		{B7753543-D99E-4C19-84D4-7CAF15D577DA}.Debug|x86.ActiveCfg = Debug|Win32
		{B7753543-D99E-4C19-84D4-7CAF15D577DA}.Debug|x86.Build.0 = Debug|Win32
		{B7753543-D99E-4C19-84D4-7CAF15D577DA}.Release|x64.ActiveCfg = Release|x64
		{B7753543-D99E-4C19-84D4-7CAF15D577DA}.Release|x64.Build.0 = Release|x64
		{B7753543-D99E-4C19-84D4-7CAF15D577DA}.Release|x86.ActiveCfg = Release|Win32
		{B7753543-D99E-4C19-84D4-7CAF15D577DA}.Release|x86.Build.0 = Release|Win32
	EndGlobalSection
	GlobalSection(SolutionProperties) = preSolution
		HideSolutionNode = FALSE
	EndGlobalSection
	GlobalSection(ExtensibilityGlobals) = postSolution
		SolutionGuid = {17535953-7E91-4A42-A648-51B4ED1B0135}
	EndGlobalSection
EndGlobal
